
Microsoft Visual Studio Solution File, Format Version 12.00
# Visual Studio Version 17
VisualStudioVersion = 17.7.34202.233
MinimumVisualStudioVersion = 10.0.40219.1
Project("{FAE04EC0-301F-11D3-BF4B-00C04F79EFBC}") = "NetworkController", "NetworkController\NetworkController.csproj", "{B5E00624-3287-4252-B54C-34C864E4E125}"
EndProject
Project("{FAE04EC0-301F-11D3-BF4B-00C04F79EFBC}") = "NetworkTests", "NetworkTests\NetworkTests.csproj", "{3BFE80EE-24D0-479D-A57F-A155ACF33B1F}"
EndProject
Project("{FAE04EC0-301F-11D3-BF4B-00C04F79EFBC}") = "NetworkTestHelper", "NetworkTestHelper\NetworkTestHelper.csproj", "{E2A90E46-D06B-4BB9-AF3B-5936BF457577}"
EndProject
Project("{FAE04EC0-301F-11D3-BF4B-00C04F79EFBC}") = "PS7gradescope", "PS7gradescope\PS7gradescope.csproj", "{D1FDA819-EB4E-4D52-AF2E-F41223F06B8D}"
EndProject
Global
	GlobalSection(SolutionConfigurationPlatforms) = preSolution
		Debug|Any CPU = Debug|Any CPU
		Release|Any CPU = Release|Any CPU
	EndGlobalSection
	GlobalSection(ProjectConfigurationPlatforms) = postSolution
		{B5E00624-3287-4252-B54C-34C864E4E125}.Debug|Any CPU.ActiveCfg = Debug|Any CPU
		{B5E00624-3287-4252-B54C-34C864E4E125}.Debug|Any CPU.Build.0 = Debug|Any CPU
		{B5E00624-3287-4252-B54C-34C864E4E125}.Release|Any CPU.ActiveCfg = Release|Any CPU
		{B5E00624-3287-4252-B54C-34C864E4E125}.Release|Any CPU.Build.0 = Release|Any CPU
		{3BFE80EE-24D0-479D-A57F-A155ACF33B1F}.Debug|Any CPU.ActiveCfg = Debug|Any CPU
		{3BFE80EE-24D0-479D-A57F-A155ACF33B1F}.Debug|Any CPU.Build.0 = Debug|Any CPU
		{3BFE80EE-24D0-479D-A57F-A155ACF33B1F}.Release|Any CPU.ActiveCfg = Release|Any CPU
		{3BFE80EE-24D0-479D-A57F-A155ACF33B1F}.Release|Any CPU.Build.0 = Release|Any CPU
		{E2A90E46-D06B-4BB9-AF3B-5936BF457577}.Debug|Any CPU.ActiveCfg = Debug|Any CPU
		{E2A90E46-D06B-4BB9-AF3B-5936BF457577}.Debug|Any CPU.Build.0 = Debug|Any CPU
		{E2A90E46-D06B-4BB9-AF3B-5936BF457577}.Release|Any CPU.ActiveCfg = Release|Any CPU
		{E2A90E46-D06B-4BB9-AF3B-5936BF457577}.Release|Any CPU.Build.0 = Release|Any CPU
		{D1FDA819-EB4E-4D52-AF2E-F41223F06B8D}.Debug|Any CPU.ActiveCfg = Debug|Any CPU
		{D1FDA819-EB4E-4D52-AF2E-F41223F06B8D}.Debug|Any CPU.Build.0 = Debug|Any CPU
		{D1FDA819-EB4E-4D52-AF2E-F41223F06B8D}.Release|Any CPU.ActiveCfg = Release|Any CPU
		{D1FDA819-EB4E-4D52-AF2E-F41223F06B8D}.Release|Any CPU.Build.0 = Release|Any CPU
	EndGlobalSection
	GlobalSection(SolutionProperties) = preSolution
		HideSolutionNode = FALSE
	EndGlobalSection
	GlobalSection(ExtensibilityGlobals) = postSolution
		SolutionGuid = {084189E1-CF61-42B8-A874-DC8737DBC1AC}
	EndGlobalSection
EndGlobal
